// !$*UTF8*$!
{
	archiveVersion = 1;
	classes = {
	};
	objectVersion = 46;
	objects = {

/* Begin PBXBuildFile section */
		04AB83C918A803C90054B2C9 /* Foundation.framework in Frameworks */ = {isa = PBXBuildFile; fileRef = 04AB83C818A803C90054B2C9 /* Foundation.framework */; };
		04AB83CB18A803C90054B2C9 /* CoreGraphics.framework in Frameworks */ = {isa = PBXBuildFile; fileRef = 04AB83CA18A803C90054B2C9 /* CoreGraphics.framework */; };
		04AB83CD18A803C90054B2C9 /* UIKit.framework in Frameworks */ = {isa = PBXBuildFile; fileRef = 04AB83CC18A803C90054B2C9 /* UIKit.framework */; };
		04AB83D318A803C90054B2C9 /* InfoPlist.strings in Resources */ = {isa = PBXBuildFile; fileRef = 04AB83D118A803C90054B2C9 /* InfoPlist.strings */; };
		04AB83D518A803C90054B2C9 /* main.m in Sources */ = {isa = PBXBuildFile; fileRef = 04AB83D418A803C90054B2C9 /* main.m */; };
		04AB83D918A803C90054B2C9 /* WMIAppDelegate.m in Sources */ = {isa = PBXBuildFile; fileRef = 04AB83D818A803C90054B2C9 /* WMIAppDelegate.m */; };
		04AB83DC18A803C90054B2C9 /* Main.storyboard in Resources */ = {isa = PBXBuildFile; fileRef = 04AB83DA18A803C90054B2C9 /* Main.storyboard */; };
		04AB83DF18A803C90054B2C9 /* WMIViewController.m in Sources */ = {isa = PBXBuildFile; fileRef = 04AB83DE18A803C90054B2C9 /* WMIViewController.m */; };
		04AB83E118A803C90054B2C9 /* Images.xcassets in Resources */ = {isa = PBXBuildFile; fileRef = 04AB83E018A803C90054B2C9 /* Images.xcassets */; };
		04AB83E818A803C90054B2C9 /* XCTest.framework in Frameworks */ = {isa = PBXBuildFile; fileRef = 04AB83E718A803C90054B2C9 /* XCTest.framework */; };
		04AB83E918A803C90054B2C9 /* Foundation.framework in Frameworks */ = {isa = PBXBuildFile; fileRef = 04AB83C818A803C90054B2C9 /* Foundation.framework */; };
		04AB83EA18A803C90054B2C9 /* UIKit.framework in Frameworks */ = {isa = PBXBuildFile; fileRef = 04AB83CC18A803C90054B2C9 /* UIKit.framework */; };
		04AB83F218A803C90054B2C9 /* InfoPlist.strings in Resources */ = {isa = PBXBuildFile; fileRef = 04AB83F018A803C90054B2C9 /* InfoPlist.strings */; };
		04AB83F418A803C90054B2C9 /* whereamiTests.m in Sources */ = {isa = PBXBuildFile; fileRef = 04AB83F318A803C90054B2C9 /* whereamiTests.m */; };
/* End PBXBuildFile section */

/* Begin PBXContainerItemProxy section */
		04AB83EB18A803C90054B2C9 /* PBXContainerItemProxy */ = {
			isa = PBXContainerItemProxy;
			containerPortal = 04AB83BD18A803C90054B2C9 /* Project object */;
			proxyType = 1;
			remoteGlobalIDString = 04AB83C418A803C90054B2C9;
			remoteInfo = whereami;
		};
/* End PBXContainerItemProxy section */

/* Begin PBXFileReference section */
		04AB83C518A803C90054B2C9 /* whereami.app */ = {isa = PBXFileReference; explicitFileType = wrapper.application; includeInIndex = 0; path = whereami.app; sourceTree = BUILT_PRODUCTS_DIR; };
		04AB83C818A803C90054B2C9 /* Foundation.framework */ = {isa = PBXFileReference; lastKnownFileType = wrapper.framework; name = Foundation.framework; path = System/Library/Frameworks/Foundation.framework; sourceTree = SDKROOT; };
		04AB83CA18A803C90054B2C9 /* CoreGraphics.framework */ = {isa = PBXFileReference; lastKnownFileType = wrapper.framework; name = CoreGraphics.framework; path = System/Library/Frameworks/CoreGraphics.framework; sourceTree = SDKROOT; };
		04AB83CC18A803C90054B2C9 /* UIKit.framework */ = {isa = PBXFileReference; lastKnownFileType = wrapper.framework; name = UIKit.framework; path = System/Library/Frameworks/UIKit.framework; sourceTree = SDKROOT; };
		04AB83D018A803C90054B2C9 /* whereami-Info.plist */ = {isa = PBXFileReference; lastKnownFileType = text.plist.xml; path = "whereami-Info.plist"; sourceTree = "<group>"; };
		04AB83D218A803C90054B2C9 /* en */ = {isa = PBXFileReference; lastKnownFileType = text.plist.strings; name = en; path = en.lproj/InfoPlist.strings; sourceTree = "<group>"; };
		04AB83D418A803C90054B2C9 /* main.m */ = {isa = PBXFileReference; lastKnownFileType = sourcecode.c.objc; path = main.m; sourceTree = "<group>"; };
		04AB83D618A803C90054B2C9 /* whereami-Prefix.pch */ = {isa = PBXFileReference; lastKnownFileType = sourcecode.c.h; path = "whereami-Prefix.pch"; sourceTree = "<group>"; };
		04AB83D718A803C90054B2C9 /* WMIAppDelegate.h */ = {isa = PBXFileReference; lastKnownFileType = sourcecode.c.h; path = WMIAppDelegate.h; sourceTree = "<group>"; };
		04AB83D818A803C90054B2C9 /* WMIAppDelegate.m */ = {isa = PBXFileReference; lastKnownFileType = sourcecode.c.objc; path = WMIAppDelegate.m; sourceTree = "<group>"; };
		04AB83DB18A803C90054B2C9 /* Base */ = {isa = PBXFileReference; lastKnownFileType = file.storyboard; name = Base; path = Base.lproj/Main.storyboard; sourceTree = "<group>"; };
		04AB83DD18A803C90054B2C9 /* WMIViewController.h */ = {isa = PBXFileReference; lastKnownFileType = sourcecode.c.h; path = WMIViewController.h; sourceTree = "<group>"; };
		04AB83DE18A803C90054B2C9 /* WMIViewController.m */ = {isa = PBXFileReference; lastKnownFileType = sourcecode.c.objc; path = WMIViewController.m; sourceTree = "<group>"; };
		04AB83E018A803C90054B2C9 /* Images.xcassets */ = {isa = PBXFileReference; lastKnownFileType = folder.assetcatalog; path = Images.xcassets; sourceTree = "<group>"; };
		04AB83E618A803C90054B2C9 /* whereamiTests.xctest */ = {isa = PBXFileReference; explicitFileType = wrapper.cfbundle; includeInIndex = 0; path = whereamiTests.xctest; sourceTree = BUILT_PRODUCTS_DIR; };
		04AB83E718A803C90054B2C9 /* XCTest.framework */ = {isa = PBXFileReference; lastKnownFileType = wrapper.framework; name = XCTest.framework; path = Library/Frameworks/XCTest.framework; sourceTree = DEVELOPER_DIR; };
		04AB83EF18A803C90054B2C9 /* whereamiTests-Info.plist */ = {isa = PBXFileReference; lastKnownFileType = text.plist.xml; path = "whereamiTests-Info.plist"; sourceTree = "<group>"; };
		04AB83F118A803C90054B2C9 /* en */ = {isa = PBXFileReference; lastKnownFileType = text.plist.strings; name = en; path = en.lproj/InfoPlist.strings; sourceTree = "<group>"; };
		04AB83F318A803C90054B2C9 /* whereamiTests.m */ = {isa = PBXFileReference; lastKnownFileType = sourcecode.c.objc; path = whereamiTests.m; sourceTree = "<group>"; };
/* End PBXFileReference section */

/* Begin PBXFrameworksBuildPhase section */
		04AB83C218A803C90054B2C9 /* Frameworks */ = {
			isa = PBXFrameworksBuildPhase;
			buildActionMask = 2147483647;
			files = (
				04AB83CB18A803C90054B2C9 /* CoreGraphics.framework in Frameworks */,
				04AB83CD18A803C90054B2C9 /* UIKit.framework in Frameworks */,
				04AB83C918A803C90054B2C9 /* Foundation.framework in Frameworks */,
			);
			runOnlyForDeploymentPostprocessing = 0;
		};
		04AB83E318A803C90054B2C9 /* Frameworks */ = {
			isa = PBXFrameworksBuildPhase;
			buildActionMask = 2147483647;
			files = (
				04AB83E818A803C90054B2C9 /* XCTest.framework in Frameworks */,
				04AB83EA18A803C90054B2C9 /* UIKit.framework in Frameworks */,
				04AB83E918A803C90054B2C9 /* Foundation.framework in Frameworks */,
			);
			runOnlyForDeploymentPostprocessing = 0;
		};
/* End PBXFrameworksBuildPhase section */

/* Begin PBXGroup section */
		04AB83BC18A803C90054B2C9 = {
			isa = PBXGroup;
			children = (
				04AB83CE18A803C90054B2C9 /* whereami */,
				04AB83ED18A803C90054B2C9 /* whereamiTests */,
				04AB83C718A803C90054B2C9 /* Frameworks */,
				04AB83C618A803C90054B2C9 /* Products */,
			);
			sourceTree = "<group>";
		};
		04AB83C618A803C90054B2C9 /* Products */ = {
			isa = PBXGroup;
			children = (
				04AB83C518A803C90054B2C9 /* whereami.app */,
				04AB83E618A803C90054B2C9 /* whereamiTests.xctest */,
			);
			name = Products;
			sourceTree = "<group>";
		};
		04AB83C718A803C90054B2C9 /* Frameworks */ = {
			isa = PBXGroup;
			children = (
				04AB83C818A803C90054B2C9 /* Foundation.framework */,
				04AB83CA18A803C90054B2C9 /* CoreGraphics.framework */,
				04AB83CC18A803C90054B2C9 /* UIKit.framework */,
				04AB83E718A803C90054B2C9 /* XCTest.framework */,
			);
			name = Frameworks;
			sourceTree = "<group>";
		};
		04AB83CE18A803C90054B2C9 /* whereami */ = {
			isa = PBXGroup;
			children = (
				04AB83D718A803C90054B2C9 /* WMIAppDelegate.h */,
				04AB83D818A803C90054B2C9 /* WMIAppDelegate.m */,
				04AB83DA18A803C90054B2C9 /* Main.storyboard */,
				04AB83DD18A803C90054B2C9 /* WMIViewController.h */,
				04AB83DE18A803C90054B2C9 /* WMIViewController.m */,
				04AB83E018A803C90054B2C9 /* Images.xcassets */,
				04AB83CF18A803C90054B2C9 /* Supporting Files */,
			);
			path = whereami;
			sourceTree = "<group>";
		};
		04AB83CF18A803C90054B2C9 /* Supporting Files */ = {
			isa = PBXGroup;
			children = (
				04AB83D018A803C90054B2C9 /* whereami-Info.plist */,
				04AB83D118A803C90054B2C9 /* InfoPlist.strings */,
				04AB83D418A803C90054B2C9 /* main.m */,
				04AB83D618A803C90054B2C9 /* whereami-Prefix.pch */,
			);
			name = "Supporting Files";
			sourceTree = "<group>";
		};
		04AB83ED18A803C90054B2C9 /* whereamiTests */ = {
			isa = PBXGroup;
			children = (
				04AB83F318A803C90054B2C9 /* whereamiTests.m */,
				04AB83EE18A803C90054B2C9 /* Supporting Files */,
			);
			path = whereamiTests;
			sourceTree = "<group>";
		};
		04AB83EE18A803C90054B2C9 /* Supporting Files */ = {
			isa = PBXGroup;
			children = (
				04AB83EF18A803C90054B2C9 /* whereamiTests-Info.plist */,
				04AB83F018A803C90054B2C9 /* InfoPlist.strings */,
			);
			name = "Supporting Files";
			sourceTree = "<group>";
		};
/* End PBXGroup section */

/* Begin PBXNativeTarget section */
		04AB83C418A803C90054B2C9 /* whereami */ = {
			isa = PBXNativeTarget;
			buildConfigurationList = 04AB83F718A803C90054B2C9 /* Build configuration list for PBXNativeTarget "whereami" */;
			buildPhases = (
				04AB83C118A803C90054B2C9 /* Sources */,
				04AB83C218A803C90054B2C9 /* Frameworks */,
				04AB83C318A803C90054B2C9 /* Resources */,
			);
			buildRules = (
			);
			dependencies = (
			);
			name = whereami;
			productName = whereami;
			productReference = 04AB83C518A803C90054B2C9 /* whereami.app */;
			productType = "com.apple.product-type.application";
		};
		04AB83E518A803C90054B2C9 /* whereamiTests */ = {
			isa = PBXNativeTarget;
			buildConfigurationList = 04AB83FA18A803C90054B2C9 /* Build configuration list for PBXNativeTarget "whereamiTests" */;
			buildPhases = (
				04AB83E218A803C90054B2C9 /* Sources */,
				04AB83E318A803C90054B2C9 /* Frameworks */,
				04AB83E418A803C90054B2C9 /* Resources */,
			);
			buildRules = (
			);
			dependencies = (
				04AB83EC18A803C90054B2C9 /* PBXTargetDependency */,
			);
			name = whereamiTests;
			productName = whereamiTests;
			productReference = 04AB83E618A803C90054B2C9 /* whereamiTests.xctest */;
			productType = "com.apple.product-type.bundle.unit-test";
		};
/* End PBXNativeTarget section */

/* Begin PBXProject section */
		04AB83BD18A803C90054B2C9 /* Project object */ = {
			isa = PBXProject;
			attributes = {
				CLASSPREFIX = WMI;
				LastUpgradeCheck = 0500;
				ORGANIZATIONNAME = jennik;
				TargetAttributes = {
					04AB83E518A803C90054B2C9 = {
						TestTargetID = 04AB83C418A803C90054B2C9;
					};
				};
			};
			buildConfigurationList = 04AB83C018A803C90054B2C9 /* Build configuration list for PBXProject "whereami" */;
			compatibilityVersion = "Xcode 3.2";
			developmentRegion = English;
			hasScannedForEncodings = 0;
			knownRegions = (
				en,
				Base,
			);
			mainGroup = 04AB83BC18A803C90054B2C9;
			productRefGroup = 04AB83C618A803C90054B2C9 /* Products */;
			projectDirPath = "";
			projectRoot = "";
			targets = (
				04AB83C418A803C90054B2C9 /* whereami */,
				04AB83E518A803C90054B2C9 /* whereamiTests */,
			);
		};
/* End PBXProject section */

/* Begin PBXResourcesBuildPhase section */
		04AB83C318A803C90054B2C9 /* Resources */ = {
			isa = PBXResourcesBuildPhase;
			buildActionMask = 2147483647;
			files = (
				04AB83E118A803C90054B2C9 /* Images.xcassets in Resources */,
				04AB83D318A803C90054B2C9 /* InfoPlist.strings in Resources */,
				04AB83DC18A803C90054B2C9 /* Main.storyboard in Resources */,
			);
			runOnlyForDeploymentPostprocessing = 0;
		};
		04AB83E418A803C90054B2C9 /* Resources */ = {
			isa = PBXResourcesBuildPhase;
			buildActionMask = 2147483647;
			files = (
				04AB83F218A803C90054B2C9 /* InfoPlist.strings in Resources */,
			);
			runOnlyForDeploymentPostprocessing = 0;
		};
/* End PBXResourcesBuildPhase section */

/* Begin PBXSourcesBuildPhase section */
		04AB83C118A803C90054B2C9 /* Sources */ = {
			isa = PBXSourcesBuildPhase;
			buildActionMask = 2147483647;
			files = (
				04AB83D918A803C90054B2C9 /* WMIAppDelegate.m in Sources */,
				04AB83D518A803C90054B2C9 /* main.m in Sources */,
				04AB83DF18A803C90054B2C9 /* WMIViewController.m in Sources */,
			);
			runOnlyForDeploymentPostprocessing = 0;
		};
		04AB83E218A803C90054B2C9 /* Sources */ = {
			isa = PBXSourcesBuildPhase;
			buildActionMask = 2147483647;
			files = (
				04AB83F418A803C90054B2C9 /* whereamiTests.m in Sources */,
			);
			runOnlyForDeploymentPostprocessing = 0;
		};
/* End PBXSourcesBuildPhase section */

/* Begin PBXTargetDependency section */
		04AB83EC18A803C90054B2C9 /* PBXTargetDependency */ = {
			isa = PBXTargetDependency;
			target = 04AB83C418A803C90054B2C9 /* whereami */;
			targetProxy = 04AB83EB18A803C90054B2C9 /* PBXContainerItemProxy */;
		};
/* End PBXTargetDependency section */

/* Begin PBXVariantGroup section */
		04AB83D118A803C90054B2C9 /* InfoPlist.strings */ = {
			isa = PBXVariantGroup;
			children = (
				04AB83D218A803C90054B2C9 /* en */,
			);
			name = InfoPlist.strings;
			sourceTree = "<group>";
		};
		04AB83DA18A803C90054B2C9 /* Main.storyboard */ = {
			isa = PBXVariantGroup;
			children = (
				04AB83DB18A803C90054B2C9 /* Base */,
			);
			name = Main.storyboard;
			sourceTree = "<group>";
		};
		04AB83F018A803C90054B2C9 /* InfoPlist.strings */ = {
			isa = PBXVariantGroup;
			children = (
				04AB83F118A803C90054B2C9 /* en */,
			);
			name = InfoPlist.strings;
			sourceTree = "<group>";
		};
/* End PBXVariantGroup section */

/* Begin XCBuildConfiguration section */
		04AB83F518A803C90054B2C9 /* Debug */ = {
			isa = XCBuildConfiguration;
			buildSettings = {
				ALWAYS_SEARCH_USER_PATHS = NO;
				ARCHS = "$(ARCHS_STANDARD_INCLUDING_64_BIT)";
				CLANG_CXX_LANGUAGE_STANDARD = "gnu++0x";
				CLANG_CXX_LIBRARY = "libc++";
				CLANG_ENABLE_MODULES = YES;
				CLANG_ENABLE_OBJC_ARC = YES;
				CLANG_WARN_BOOL_CONVERSION = YES;
				CLANG_WARN_CONSTANT_CONVERSION = YES;
				CLANG_WARN_DIRECT_OBJC_ISA_USAGE = YES_ERROR;
				CLANG_WARN_EMPTY_BODY = YES;
				CLANG_WARN_ENUM_CONVERSION = YES;
				CLANG_WARN_INT_CONVERSION = YES;
				CLANG_WARN_OBJC_ROOT_CLASS = YES_ERROR;
				CLANG_WARN__DUPLICATE_METHOD_MATCH = YES;
				"CODE_SIGN_IDENTITY[sdk=iphoneos*]" = "iPhone Developer";
				COPY_PHASE_STRIP = NO;
				GCC_C_LANGUAGE_STANDARD = gnu99;
				GCC_DYNAMIC_NO_PIC = NO;
				GCC_OPTIMIZATION_LEVEL = 0;
				GCC_PREPROCESSOR_DEFINITIONS = (
					"DEBUG=1",
					"$(inherited)",
				);
				GCC_SYMBOLS_PRIVATE_EXTERN = NO;
				GCC_WARN_64_TO_32_BIT_CONVERSION = YES;
				GCC_WARN_ABOUT_RETURN_TYPE = YES_ERROR;
				GCC_WARN_UNDECLARED_SELECTOR = YES;
				GCC_WARN_UNINITIALIZED_AUTOS = YES;
				GCC_WARN_UNUSED_FUNCTION = YES;
				GCC_WARN_UNUSED_VARIABLE = YES;
				IPHONEOS_DEPLOYMENT_TARGET = 7.0;
				ONLY_ACTIVE_ARCH = YES;
				SDKROOT = iphoneos;
			};
			name = Debug;
		};
		04AB83F618A803C90054B2C9 /* Release */ = {
			isa = XCBuildConfiguration;
			buildSettings = {
				ALWAYS_SEARCH_USER_PATHS = NO;
				ARCHS = "$(ARCHS_STANDARD_INCLUDING_64_BIT)";
				CLANG_CXX_LANGUAGE_STANDARD = "gnu++0x";
				CLANG_CXX_LIBRARY = "libc++";
				CLANG_ENABLE_MODULES = YES;
				CLANG_ENABLE_OBJC_ARC = YES;
				CLANG_WARN_BOOL_CONVERSION = YES;
				CLANG_WARN_CONSTANT_CONVERSION = YES;
				CLANG_WARN_DIRECT_OBJC_ISA_USAGE = YES_ERROR;
				CLANG_WARN_EMPTY_BODY = YES;
				CLANG_WARN_ENUM_CONVERSION = YES;
				CLANG_WARN_INT_CONVERSION = YES;
				CLANG_WARN_OBJC_ROOT_CLASS = YES_ERROR;
				CLANG_WARN__DUPLICATE_METHOD_MATCH = YES;
				"CODE_SIGN_IDENTITY[sdk=iphoneos*]" = "iPhone Developer";
				COPY_PHASE_STRIP = YES;
				ENABLE_NS_ASSERTIONS = NO;
				GCC_C_LANGUAGE_STANDARD = gnu99;
				GCC_WARN_64_TO_32_BIT_CONVERSION = YES;
				GCC_WARN_ABOUT_RETURN_TYPE = YES_ERROR;
				GCC_WARN_UNDECLARED_SELECTOR = YES;
				GCC_WARN_UNINITIALIZED_AUTOS = YES;
				GCC_WARN_UNUSED_FUNCTION = YES;
				GCC_WARN_UNUSED_VARIABLE = YES;
				IPHONEOS_DEPLOYMENT_TARGET = 7.0;
				SDKROOT = iphoneos;
				VALIDATE_PRODUCT = YES;
			};
			name = Release;
		};
		04AB83F818A803C90054B2C9 /* Debug */ = {
			isa = XCBuildConfiguration;
			buildSettings = {
				ASSETCATALOG_COMPILER_APPICON_NAME = AppIcon;
				ASSETCATALOG_COMPILER_LAUNCHIMAGE_NAME = LaunchImage;
				GCC_PRECOMPILE_PREFIX_HEADER = YES;
				GCC_PREFIX_HEADER = "whereami/whereami-Prefix.pch";
				INFOPLIST_FILE = "whereami/whereami-Info.plist";
				PRODUCT_NAME = "$(TARGET_NAME)";
				WRAPPER_EXTENSION = app;
			};
			name = Debug;
		};
		04AB83F918A803C90054B2C9 /* Release */ = {
			isa = XCBuildConfiguration;
			buildSettings = {
				ASSETCATALOG_COMPILER_APPICON_NAME = AppIcon;
				ASSETCATALOG_COMPILER_LAUNCHIMAGE_NAME = LaunchImage;
				GCC_PRECOMPILE_PREFIX_HEADER = YES;
				GCC_PREFIX_HEADER = "whereami/whereami-Prefix.pch";
				INFOPLIST_FILE = "whereami/whereami-Info.plist";
				PRODUCT_NAME = "$(TARGET_NAME)";
				WRAPPER_EXTENSION = app;
			};
			name = Release;
		};
		04AB83FB18A803C90054B2C9 /* Debug */ = {
			isa = XCBuildConfiguration;
			buildSettings = {
				ARCHS = "$(ARCHS_STANDARD_INCLUDING_64_BIT)";
				BUNDLE_LOADER = "$(BUILT_PRODUCTS_DIR)/whereami.app/whereami";
				FRAMEWORK_SEARCH_PATHS = (
					"$(SDKROOT)/Developer/Library/Frameworks",
					"$(inherited)",
					"$(DEVELOPER_FRAMEWORKS_DIR)",
				);
				GCC_PRECOMPILE_PREFIX_HEADER = YES;
				GCC_PREFIX_HEADER = "whereami/whereami-Prefix.pch";
				GCC_PREPROCESSOR_DEFINITIONS = (
					"DEBUG=1",
					"$(inherited)",
				);
				INFOPLIST_FILE = "whereamiTests/whereamiTests-Info.plist";
				PRODUCT_NAME = "$(TARGET_NAME)";
				TEST_HOST = "$(BUNDLE_LOADER)";
				WRAPPER_EXTENSION = xctest;
			};
			name = Debug;
		};
		04AB83FC18A803C90054B2C9 /* Release */ = {
			isa = XCBuildConfiguration;
			buildSettings = {
				ARCHS = "$(ARCHS_STANDARD_INCLUDING_64_BIT)";
				BUNDLE_LOADER = "$(BUILT_PRODUCTS_DIR)/whereami.app/whereami";
				FRAMEWORK_SEARCH_PATHS = (
					"$(SDKROOT)/Developer/Library/Frameworks",
					"$(inherited)",
					"$(DEVELOPER_FRAMEWORKS_DIR)",
				);
				GCC_PRECOMPILE_PREFIX_HEADER = YES;
				GCC_PREFIX_HEADER = "whereami/whereami-Prefix.pch";
				INFOPLIST_FILE = "whereamiTests/whereamiTests-Info.plist";
				PRODUCT_NAME = "$(TARGET_NAME)";
				TEST_HOST = "$(BUNDLE_LOADER)";
				WRAPPER_EXTENSION = xctest;
			};
			name = Release;
		};
/* End XCBuildConfiguration section */

/* Begin XCConfigurationList section */
		04AB83C018A803C90054B2C9 /* Build configuration list for PBXProject "whereami" */ = {
			isa = XCConfigurationList;
			buildConfigurations = (
				04AB83F518A803C90054B2C9 /* Debug */,
				04AB83F618A803C90054B2C9 /* Release */,
			);
			defaultConfigurationIsVisible = 0;
			defaultConfigurationName = Release;
		};
		04AB83F718A803C90054B2C9 /* Build configuration list for PBXNativeTarget "whereami" */ = {
			isa = XCConfigurationList;
			buildConfigurations = (
				04AB83F818A803C90054B2C9 /* Debug */,
				04AB83F918A803C90054B2C9 /* Release */,
			);
			defaultConfigurationIsVisible = 0;
		};
		04AB83FA18A803C90054B2C9 /* Build configuration list for PBXNativeTarget "whereamiTests" */ = {
			isa = XCConfigurationList;
			buildConfigurations = (
				04AB83FB18A803C90054B2C9 /* Debug */,
				04AB83FC18A803C90054B2C9 /* Release */,
			);
			defaultConfigurationIsVisible = 0;
		};
/* End XCConfigurationList section */
	};
	rootObject = 04AB83BD18A803C90054B2C9 /* Project object */;
}
